
Microsoft Visual Studio Solution File, Format Version 12.00
# Visual Studio Version 17
VisualStudioVersion = 17.7.34221.43
MinimumVisualStudioVersion = 10.0.40219.1
Project("{FAE04EC0-301F-11D3-BF4B-00C04F79EFBC}") = "EvenNumbersThread", "EvenNumbersThread\EvenNumbersThread.csproj", "{8C05BCC3-9B0E-4460-968A-B22B119946BC}"
EndProject
Project("{FAE04EC0-301F-11D3-BF4B-00C04F79EFBC}") = "SumEvensInRange1To1000", "SumEvensInRange1To1000\SumEvensInRange1To1000.csproj", "{C329880B-EE7D-4B01-A016-38D383553FC8}"
EndProject
Global
	GlobalSection(SolutionConfigurationPlatforms) = preSolution
		Debug|Any CPU = Debug|Any CPU
		Release|Any CPU = Release|Any CPU
	EndGlobalSection
	GlobalSection(ProjectConfigurationPlatforms) = postSolution
		{8C05BCC3-9B0E-4460-968A-B22B119946BC}.Debug|Any CPU.ActiveCfg = Debug|Any CPU
		{8C05BCC3-9B0E-4460-968A-B22B119946BC}.Debug|Any CPU.Build.0 = Debug|Any CPU
		{8C05BCC3-9B0E-4460-968A-B22B119946BC}.Release|Any CPU.ActiveCfg = Release|Any CPU
		{8C05BCC3-9B0E-4460-968A-B22B119946BC}.Release|Any CPU.Build.0 = Release|Any CPU
		{C329880B-EE7D-4B01-A016-38D383553FC8}.Debug|Any CPU.ActiveCfg = Debug|Any CPU
		{C329880B-EE7D-4B01-A016-38D383553FC8}.Debug|Any CPU.Build.0 = Debug|Any CPU
		{C329880B-EE7D-4B01-A016-38D383553FC8}.Release|Any CPU.ActiveCfg = Release|Any CPU
		{C329880B-EE7D-4B01-A016-38D383553FC8}.Release|Any CPU.Build.0 = Release|Any CPU
	EndGlobalSection
	GlobalSection(SolutionProperties) = preSolution
		HideSolutionNode = FALSE
	EndGlobalSection
	GlobalSection(ExtensibilityGlobals) = postSolution
		SolutionGuid = {31D78CBE-3BF7-4529-A501-6EDD2B79E5B5}
	EndGlobalSection
EndGlobal
